// !$*UTF8*$!
{
	archiveVersion = 1;
	classes = {
	};
	objectVersion = 50;
	objects = {

/* Begin PBXBuildFile section */
		894206FB25D31B2A006C308D /* AppDelegate.swift in Sources */ = {isa = PBXBuildFile; fileRef = 894206FA25D31B2A006C308D /* AppDelegate.swift */; };
		894206FD25D31B2A006C308D /* SceneDelegate.swift in Sources */ = {isa = PBXBuildFile; fileRef = 894206FC25D31B2A006C308D /* SceneDelegate.swift */; };
		894206FF25D31B2A006C308D /* ViewController.swift in Sources */ = {isa = PBXBuildFile; fileRef = 894206FE25D31B2A006C308D /* ViewController.swift */; };
		8942070225D31B2A006C308D /* Main.storyboard in Resources */ = {isa = PBXBuildFile; fileRef = 8942070025D31B2A006C308D /* Main.storyboard */; };
		8942070525D31B2A006C308D /* HackwichFour.xcdatamodeld in Sources */ = {isa = PBXBuildFile; fileRef = 8942070325D31B2A006C308D /* HackwichFour.xcdatamodeld */; };
		8942070725D31B2D006C308D /* Assets.xcassets in Resources */ = {isa = PBXBuildFile; fileRef = 8942070625D31B2D006C308D /* Assets.xcassets */; };
		8942070A25D31B2D006C308D /* LaunchScreen.storyboard in Resources */ = {isa = PBXBuildFile; fileRef = 8942070825D31B2D006C308D /* LaunchScreen.storyboard */; };
		8942071525D31B2D006C308D /* HackwichFourTests.swift in Sources */ = {isa = PBXBuildFile; fileRef = 8942071425D31B2D006C308D /* HackwichFourTests.swift */; };
		8942072025D31B2E006C308D /* HackwichFourUITests.swift in Sources */ = {isa = PBXBuildFile; fileRef = 8942071F25D31B2E006C308D /* HackwichFourUITests.swift */; };
/* End PBXBuildFile section */

/* Begin PBXContainerItemProxy section */
		8942071125D31B2D006C308D /* PBXContainerItemProxy */ = {
			isa = PBXContainerItemProxy;
			containerPortal = 894206EF25D31B2A006C308D /* Project object */;
			proxyType = 1;
			remoteGlobalIDString = 894206F625D31B2A006C308D;
			remoteInfo = HackwichFour;
		};
		8942071C25D31B2E006C308D /* PBXContainerItemProxy */ = {
			isa = PBXContainerItemProxy;
			containerPortal = 894206EF25D31B2A006C308D /* Project object */;
			proxyType = 1;
			remoteGlobalIDString = 894206F625D31B2A006C308D;
			remoteInfo = HackwichFour;
		};
/* End PBXContainerItemProxy section */

/* Begin PBXFileReference section */
		894206F725D31B2A006C308D /* HackwichFour.app */ = {isa = PBXFileReference; explicitFileType = wrapper.application; includeInIndex = 0; path = HackwichFour.app; sourceTree = BUILT_PRODUCTS_DIR; };
		894206FA25D31B2A006C308D /* AppDelegate.swift */ = {isa = PBXFileReference; lastKnownFileType = sourcecode.swift; path = AppDelegate.swift; sourceTree = "<group>"; };
		894206FC25D31B2A006C308D /* SceneDelegate.swift */ = {isa = PBXFileReference; lastKnownFileType = sourcecode.swift; path = SceneDelegate.swift; sourceTree = "<group>"; };
		894206FE25D31B2A006C308D /* ViewController.swift */ = {isa = PBXFileReference; lastKnownFileType = sourcecode.swift; path = ViewController.swift; sourceTree = "<group>"; };
		8942070125D31B2A006C308D /* Base */ = {isa = PBXFileReference; lastKnownFileType = file.storyboard; name = Base; path = Base.lproj/Main.storyboard; sourceTree = "<group>"; };
		8942070425D31B2A006C308D /* HackwichFour.xcdatamodel */ = {isa = PBXFileReference; lastKnownFileType = wrapper.xcdatamodel; path = HackwichFour.xcdatamodel; sourceTree = "<group>"; };
		8942070625D31B2D006C308D /* Assets.xcassets */ = {isa = PBXFileReference; lastKnownFileType = folder.assetcatalog; path = Assets.xcassets; sourceTree = "<group>"; };
		8942070925D31B2D006C308D /* Base */ = {isa = PBXFileReference; lastKnownFileType = file.storyboard; name = Base; path = Base.lproj/LaunchScreen.storyboard; sourceTree = "<group>"; };
		8942070B25D31B2D006C308D /* Info.plist */ = {isa = PBXFileReference; lastKnownFileType = text.plist.xml; path = Info.plist; sourceTree = "<group>"; };
		8942071025D31B2D006C308D /* HackwichFourTests.xctest */ = {isa = PBXFileReference; explicitFileType = wrapper.cfbundle; includeInIndex = 0; path = HackwichFourTests.xctest; sourceTree = BUILT_PRODUCTS_DIR; };
		8942071425D31B2D006C308D /* HackwichFourTests.swift */ = {isa = PBXFileReference; lastKnownFileType = sourcecode.swift; path = HackwichFourTests.swift; sourceTree = "<group>"; };
		8942071625D31B2E006C308D /* Info.plist */ = {isa = PBXFileReference; lastKnownFileType = text.plist.xml; path = Info.plist; sourceTree = "<group>"; };
		8942071B25D31B2E006C308D /* HackwichFourUITests.xctest */ = {isa = PBXFileReference; explicitFileType = wrapper.cfbundle; includeInIndex = 0; path = HackwichFourUITests.xctest; sourceTree = BUILT_PRODUCTS_DIR; };
		8942071F25D31B2E006C308D /* HackwichFourUITests.swift */ = {isa = PBXFileReference; lastKnownFileType = sourcecode.swift; path = HackwichFourUITests.swift; sourceTree = "<group>"; };
		8942072125D31B2E006C308D /* Info.plist */ = {isa = PBXFileReference; lastKnownFileType = text.plist.xml; path = Info.plist; sourceTree = "<group>"; };
/* End PBXFileReference section */

/* Begin PBXFrameworksBuildPhase section */
		894206F425D31B2A006C308D /* Frameworks */ = {
			isa = PBXFrameworksBuildPhase;
			buildActionMask = 2147483647;
			files = (
			);
			runOnlyForDeploymentPostprocessing = 0;
		};
		8942070D25D31B2D006C308D /* Frameworks */ = {
			isa = PBXFrameworksBuildPhase;
			buildActionMask = 2147483647;
			files = (
			);
			runOnlyForDeploymentPostprocessing = 0;
		};
		8942071825D31B2E006C308D /* Frameworks */ = {
			isa = PBXFrameworksBuildPhase;
			buildActionMask = 2147483647;
			files = (
			);
			runOnlyForDeploymentPostprocessing = 0;
		};
/* End PBXFrameworksBuildPhase section */

/* Begin PBXGroup section */
		894206EE25D31B2A006C308D = {
			isa = PBXGroup;
			children = (
				894206F925D31B2A006C308D /* HackwichFour */,
				8942071325D31B2D006C308D /* HackwichFourTests */,
				8942071E25D31B2E006C308D /* HackwichFourUITests */,
				894206F825D31B2A006C308D /* Products */,
			);
			sourceTree = "<group>";
		};
		894206F825D31B2A006C308D /* Products */ = {
			isa = PBXGroup;
			children = (
				894206F725D31B2A006C308D /* HackwichFour.app */,
				8942071025D31B2D006C308D /* HackwichFourTests.xctest */,
				8942071B25D31B2E006C308D /* HackwichFourUITests.xctest */,
			);
			name = Products;
			sourceTree = "<group>";
		};
		894206F925D31B2A006C308D /* HackwichFour */ = {
			isa = PBXGroup;
			children = (
				894206FA25D31B2A006C308D /* AppDelegate.swift */,
				894206FC25D31B2A006C308D /* SceneDelegate.swift */,
				894206FE25D31B2A006C308D /* ViewController.swift */,
				8942070025D31B2A006C308D /* Main.storyboard */,
				8942070625D31B2D006C308D /* Assets.xcassets */,
				8942070825D31B2D006C308D /* LaunchScreen.storyboard */,
				8942070B25D31B2D006C308D /* Info.plist */,
				8942070325D31B2A006C308D /* HackwichFour.xcdatamodeld */,
			);
			path = HackwichFour;
			sourceTree = "<group>";
		};
		8942071325D31B2D006C308D /* HackwichFourTests */ = {
			isa = PBXGroup;
			children = (
				8942071425D31B2D006C308D /* HackwichFourTests.swift */,
				8942071625D31B2E006C308D /* Info.plist */,
			);
			path = HackwichFourTests;
			sourceTree = "<group>";
		};
		8942071E25D31B2E006C308D /* HackwichFourUITests */ = {
			isa = PBXGroup;
			children = (
				8942071F25D31B2E006C308D /* HackwichFourUITests.swift */,
				8942072125D31B2E006C308D /* Info.plist */,
			);
			path = HackwichFourUITests;
			sourceTree = "<group>";
		};
/* End PBXGroup section */

/* Begin PBXNativeTarget section */
		894206F625D31B2A006C308D /* HackwichFour */ = {
			isa = PBXNativeTarget;
			buildConfigurationList = 8942072425D31B2E006C308D /* Build configuration list for PBXNativeTarget "HackwichFour" */;
			buildPhases = (
				894206F325D31B2A006C308D /* Sources */,
				894206F425D31B2A006C308D /* Frameworks */,
				894206F525D31B2A006C308D /* Resources */,
			);
			buildRules = (
			);
			dependencies = (
			);
			name = HackwichFour;
			productName = HackwichFour;
			productReference = 894206F725D31B2A006C308D /* HackwichFour.app */;
			productType = "com.apple.product-type.application";
		};
		8942070F25D31B2D006C308D /* HackwichFourTests */ = {
			isa = PBXNativeTarget;
			buildConfigurationList = 8942072725D31B2E006C308D /* Build configuration list for PBXNativeTarget "HackwichFourTests" */;
			buildPhases = (
				8942070C25D31B2D006C308D /* Sources */,
				8942070D25D31B2D006C308D /* Frameworks */,
				8942070E25D31B2D006C308D /* Resources */,
			);
			buildRules = (
			);
			dependencies = (
				8942071225D31B2D006C308D /* PBXTargetDependency */,
			);
			name = HackwichFourTests;
			productName = HackwichFourTests;
			productReference = 8942071025D31B2D006C308D /* HackwichFourTests.xctest */;
			productType = "com.apple.product-type.bundle.unit-test";
		};
		8942071A25D31B2E006C308D /* HackwichFourUITests */ = {
			isa = PBXNativeTarget;
			buildConfigurationList = 8942072A25D31B2E006C308D /* Build configuration list for PBXNativeTarget "HackwichFourUITests" */;
			buildPhases = (
				8942071725D31B2E006C308D /* Sources */,
				8942071825D31B2E006C308D /* Frameworks */,
				8942071925D31B2E006C308D /* Resources */,
			);
			buildRules = (
			);
			dependencies = (
				8942071D25D31B2E006C308D /* PBXTargetDependency */,
			);
			name = HackwichFourUITests;
			productName = HackwichFourUITests;
			productReference = 8942071B25D31B2E006C308D /* HackwichFourUITests.xctest */;
			productType = "com.apple.product-type.bundle.ui-testing";
		};
/* End PBXNativeTarget section */

/* Begin PBXProject section */
		894206EF25D31B2A006C308D /* Project object */ = {
			isa = PBXProject;
			attributes = {
				LastSwiftUpdateCheck = 1230;
				LastUpgradeCheck = 1230;
				TargetAttributes = {
					894206F625D31B2A006C308D = {
						CreatedOnToolsVersion = 12.3;
					};
					8942070F25D31B2D006C308D = {
						CreatedOnToolsVersion = 12.3;
						TestTargetID = 894206F625D31B2A006C308D;
					};
					8942071A25D31B2E006C308D = {
						CreatedOnToolsVersion = 12.3;
						TestTargetID = 894206F625D31B2A006C308D;
					};
				};
			};
			buildConfigurationList = 894206F225D31B2A006C308D /* Build configuration list for PBXProject "HackwichFour" */;
			compatibilityVersion = "Xcode 9.3";
			developmentRegion = en;
			hasScannedForEncodings = 0;
			knownRegions = (
				en,
				Base,
			);
			mainGroup = 894206EE25D31B2A006C308D;
			productRefGroup = 894206F825D31B2A006C308D /* Products */;
			projectDirPath = "";
			projectRoot = "";
			targets = (
				894206F625D31B2A006C308D /* HackwichFour */,
				8942070F25D31B2D006C308D /* HackwichFourTests */,
				8942071A25D31B2E006C308D /* HackwichFourUITests */,
			);
		};
/* End PBXProject section */

/* Begin PBXResourcesBuildPhase section */
		894206F525D31B2A006C308D /* Resources */ = {
			isa = PBXResourcesBuildPhase;
			buildActionMask = 2147483647;
			files = (
				8942070A25D31B2D006C308D /* LaunchScreen.storyboard in Resources */,
				8942070725D31B2D006C308D /* Assets.xcassets in Resources */,
				8942070225D31B2A006C308D /* Main.storyboard in Resources */,
			);
			runOnlyForDeploymentPostprocessing = 0;
		};
		8942070E25D31B2D006C308D /* Resources */ = {
			isa = PBXResourcesBuildPhase;
			buildActionMask = 2147483647;
			files = (
			);
			runOnlyForDeploymentPostprocessing = 0;
		};
		8942071925D31B2E006C308D /* Resources */ = {
			isa = PBXResourcesBuildPhase;
			buildActionMask = 2147483647;
			files = (
			);
			runOnlyForDeploymentPostprocessing = 0;
		};
/* End PBXResourcesBuildPhase section */

/* Begin PBXSourcesBuildPhase section */
		894206F325D31B2A006C308D /* Sources */ = {
			isa = PBXSourcesBuildPhase;
			buildActionMask = 2147483647;
			files = (
				894206FF25D31B2A006C308D /* ViewController.swift in Sources */,
				894206FB25D31B2A006C308D /* AppDelegate.swift in Sources */,
				894206FD25D31B2A006C308D /* SceneDelegate.swift in Sources */,
				8942070525D31B2A006C308D /* HackwichFour.xcdatamodeld in Sources */,
			);
			runOnlyForDeploymentPostprocessing = 0;
		};
		8942070C25D31B2D006C308D /* Sources */ = {
			isa = PBXSourcesBuildPhase;
			buildActionMask = 2147483647;
			files = (
				8942071525D31B2D006C308D /* HackwichFourTests.swift in Sources */,
			);
			runOnlyForDeploymentPostprocessing = 0;
		};
		8942071725D31B2E006C308D /* Sources */ = {
			isa = PBXSourcesBuildPhase;
			buildActionMask = 2147483647;
			files = (
				8942072025D31B2E006C308D /* HackwichFourUITests.swift in Sources */,
			);
			runOnlyForDeploymentPostprocessing = 0;
		};
/* End PBXSourcesBuildPhase section */

/* Begin PBXTargetDependency section */
		8942071225D31B2D006C308D /* PBXTargetDependency */ = {
			isa = PBXTargetDependency;
			target = 894206F625D31B2A006C308D /* HackwichFour */;
			targetProxy = 8942071125D31B2D006C308D /* PBXContainerItemProxy */;
		};
		8942071D25D31B2E006C308D /* PBXTargetDependency */ = {
			isa = PBXTargetDependency;
			target = 894206F625D31B2A006C308D /* HackwichFour */;
			targetProxy = 8942071C25D31B2E006C308D /* PBXContainerItemProxy */;
		};
/* End PBXTargetDependency section */

/* Begin PBXVariantGroup section */
		8942070025D31B2A006C308D /* Main.storyboard */ = {
			isa = PBXVariantGroup;
			children = (
				8942070125D31B2A006C308D /* Base */,
			);
			name = Main.storyboard;
			sourceTree = "<group>";
		};
		8942070825D31B2D006C308D /* LaunchScreen.storyboard */ = {
			isa = PBXVariantGroup;
			children = (
				8942070925D31B2D006C308D /* Base */,
			);
			name = LaunchScreen.storyboard;
			sourceTree = "<group>";
		};
/* End PBXVariantGroup section */

/* Begin XCBuildConfiguration section */
		8942072225D31B2E006C308D /* Debug */ = {
			isa = XCBuildConfiguration;
			buildSettings = {
				ALWAYS_SEARCH_USER_PATHS = NO;
				CLANG_ANALYZER_NONNULL = YES;
				CLANG_ANALYZER_NUMBER_OBJECT_CONVERSION = YES_AGGRESSIVE;
				CLANG_CXX_LANGUAGE_STANDARD = "gnu++14";
				CLANG_CXX_LIBRARY = "libc++";
				CLANG_ENABLE_MODULES = YES;
				CLANG_ENABLE_OBJC_ARC = YES;
				CLANG_ENABLE_OBJC_WEAK = YES;
				CLANG_WARN_BLOCK_CAPTURE_AUTORELEASING = YES;
				CLANG_WARN_BOOL_CONVERSION = YES;
				CLANG_WARN_COMMA = YES;
				CLANG_WARN_CONSTANT_CONVERSION = YES;
				CLANG_WARN_DEPRECATED_OBJC_IMPLEMENTATIONS = YES;
				CLANG_WARN_DIRECT_OBJC_ISA_USAGE = YES_ERROR;
				CLANG_WARN_DOCUMENTATION_COMMENTS = YES;
				CLANG_WARN_EMPTY_BODY = YES;
				CLANG_WARN_ENUM_CONVERSION = YES;
				CLANG_WARN_INFINITE_RECURSION = YES;
				CLANG_WARN_INT_CONVERSION = YES;
				CLANG_WARN_NON_LITERAL_NULL_CONVERSION = YES;
				CLANG_WARN_OBJC_IMPLICIT_RETAIN_SELF = YES;
				CLANG_WARN_OBJC_LITERAL_CONVERSION = YES;
				CLANG_WARN_OBJC_ROOT_CLASS = YES_ERROR;
				CLANG_WARN_QUOTED_INCLUDE_IN_FRAMEWORK_HEADER = YES;
				CLANG_WARN_RANGE_LOOP_ANALYSIS = YES;
				CLANG_WARN_STRICT_PROTOTYPES = YES;
				CLANG_WARN_SUSPICIOUS_MOVE = YES;
				CLANG_WARN_UNGUARDED_AVAILABILITY = YES_AGGRESSIVE;
				CLANG_WARN_UNREACHABLE_CODE = YES;
				CLANG_WARN__DUPLICATE_METHOD_MATCH = YES;
				COPY_PHASE_STRIP = NO;
				DEBUG_INFORMATION_FORMAT = dwarf;
				ENABLE_STRICT_OBJC_MSGSEND = YES;
				ENABLE_TESTABILITY = YES;
				GCC_C_LANGUAGE_STANDARD = gnu11;
				GCC_DYNAMIC_NO_PIC = NO;
				GCC_NO_COMMON_BLOCKS = YES;
				GCC_OPTIMIZATION_LEVEL = 0;
				GCC_PREPROCESSOR_DEFINITIONS = (
					"DEBUG=1",
					"$(inherited)",
				);
				GCC_WARN_64_TO_32_BIT_CONVERSION = YES;
				GCC_WARN_ABOUT_RETURN_TYPE = YES_ERROR;
				GCC_WARN_UNDECLARED_SELECTOR = YES;
				GCC_WARN_UNINITIALIZED_AUTOS = YES_AGGRESSIVE;
				GCC_WARN_UNUSED_FUNCTION = YES;
				GCC_WARN_UNUSED_VARIABLE = YES;
				IPHONEOS_DEPLOYMENT_TARGET = 14.3;
				MTL_ENABLE_DEBUG_INFO = INCLUDE_SOURCE;
				MTL_FAST_MATH = YES;
				ONLY_ACTIVE_ARCH = YES;
				SDKROOT = iphoneos;
				SWIFT_ACTIVE_COMPILATION_CONDITIONS = DEBUG;
				SWIFT_OPTIMIZATION_LEVEL = "-Onone";
			};
			name = Debug;
		};
		8942072325D31B2E006C308D /* Release */ = {
			isa = XCBuildConfiguration;
			buildSettings = {
				ALWAYS_SEARCH_USER_PATHS = NO;
				CLANG_ANALYZER_NONNULL = YES;
				CLANG_ANALYZER_NUMBER_OBJECT_CONVERSION = YES_AGGRESSIVE;
				CLANG_CXX_LANGUAGE_STANDARD = "gnu++14";
				CLANG_CXX_LIBRARY = "libc++";
				CLANG_ENABLE_MODULES = YES;
				CLANG_ENABLE_OBJC_ARC = YES;
				CLANG_ENABLE_OBJC_WEAK = YES;
				CLANG_WARN_BLOCK_CAPTURE_AUTORELEASING = YES;
				CLANG_WARN_BOOL_CONVERSION = YES;
				CLANG_WARN_COMMA = YES;
				CLANG_WARN_CONSTANT_CONVERSION = YES;
				CLANG_WARN_DEPRECATED_OBJC_IMPLEMENTATIONS = YES;
				CLANG_WARN_DIRECT_OBJC_ISA_USAGE = YES_ERROR;
				CLANG_WARN_DOCUMENTATION_COMMENTS = YES;
				CLANG_WARN_EMPTY_BODY = YES;
				CLANG_WARN_ENUM_CONVERSION = YES;
				CLANG_WARN_INFINITE_RECURSION = YES;
				CLANG_WARN_INT_CONVERSION = YES;
				CLANG_WARN_NON_LITERAL_NULL_CONVERSION = YES;
				CLANG_WARN_OBJC_IMPLICIT_RETAIN_SELF = YES;
				CLANG_WARN_OBJC_LITERAL_CONVERSION = YES;
				CLANG_WARN_OBJC_ROOT_CLASS = YES_ERROR;
				CLANG_WARN_QUOTED_INCLUDE_IN_FRAMEWORK_HEADER = YES;
				CLANG_WARN_RANGE_LOOP_ANALYSIS = YES;
				CLANG_WARN_STRICT_PROTOTYPES = YES;
				CLANG_WARN_SUSPICIOUS_MOVE = YES;
				CLANG_WARN_UNGUARDED_AVAILABILITY = YES_AGGRESSIVE;
				CLANG_WARN_UNREACHABLE_CODE = YES;
				CLANG_WARN__DUPLICATE_METHOD_MATCH = YES;
				COPY_PHASE_STRIP = NO;
				DEBUG_INFORMATION_FORMAT = "dwarf-with-dsym";
				ENABLE_NS_ASSERTIONS = NO;
				ENABLE_STRICT_OBJC_MSGSEND = YES;
				GCC_C_LANGUAGE_STANDARD = gnu11;
				GCC_NO_COMMON_BLOCKS = YES;
				GCC_WARN_64_TO_32_BIT_CONVERSION = YES;
				GCC_WARN_ABOUT_RETURN_TYPE = YES_ERROR;
				GCC_WARN_UNDECLARED_SELECTOR = YES;
				GCC_WARN_UNINITIALIZED_AUTOS = YES_AGGRESSIVE;
				GCC_WARN_UNUSED_FUNCTION = YES;
				GCC_WARN_UNUSED_VARIABLE = YES;
				IPHONEOS_DEPLOYMENT_TARGET = 14.3;
				MTL_ENABLE_DEBUG_INFO = NO;
				MTL_FAST_MATH = YES;
				SDKROOT = iphoneos;
				SWIFT_COMPILATION_MODE = wholemodule;
				SWIFT_OPTIMIZATION_LEVEL = "-O";
				VALIDATE_PRODUCT = YES;
			};
			name = Release;
		};
		8942072525D31B2E006C308D /* Debug */ = {
			isa = XCBuildConfiguration;
			buildSettings = {
				ASSETCATALOG_COMPILER_APPICON_NAME = AppIcon;
				ASSETCATALOG_COMPILER_GLOBAL_ACCENT_COLOR_NAME = AccentColor;
				CODE_SIGN_STYLE = Automatic;
				DEVELOPMENT_TEAM = 935YLP662N;
				INFOPLIST_FILE = HackwichFour/Info.plist;
				LD_RUNPATH_SEARCH_PATHS = (
					"$(inherited)",
					"@executable_path/Frameworks",
				);
				PRODUCT_BUNDLE_IDENTIFIER = UHWO.HackwichFour;
				PRODUCT_NAME = "$(TARGET_NAME)";
				SWIFT_VERSION = 5.0;
				TARGETED_DEVICE_FAMILY = "1,2";
			};
			name = Debug;
		};
		8942072625D31B2E006C308D /* Release */ = {
			isa = XCBuildConfiguration;
			buildSettings = {
				ASSETCATALOG_COMPILER_APPICON_NAME = AppIcon;
				ASSETCATALOG_COMPILER_GLOBAL_ACCENT_COLOR_NAME = AccentColor;
				CODE_SIGN_STYLE = Automatic;
				DEVELOPMENT_TEAM = 935YLP662N;
				INFOPLIST_FILE = HackwichFour/Info.plist;
				LD_RUNPATH_SEARCH_PATHS = (
					"$(inherited)",
					"@executable_path/Frameworks",
				);
				PRODUCT_BUNDLE_IDENTIFIER = UHWO.HackwichFour;
				PRODUCT_NAME = "$(TARGET_NAME)";
				SWIFT_VERSION = 5.0;
				TARGETED_DEVICE_FAMILY = "1,2";
			};
			name = Release;
		};
		8942072825D31B2E006C308D /* Debug */ = {
			isa = XCBuildConfiguration;
			buildSettings = {
				ALWAYS_EMBED_SWIFT_STANDARD_LIBRARIES = YES;
				BUNDLE_LOADER = "$(TEST_HOST)";
				CODE_SIGN_STYLE = Automatic;
				DEVELOPMENT_TEAM = 935YLP662N;
				INFOPLIST_FILE = HackwichFourTests/Info.plist;
				IPHONEOS_DEPLOYMENT_TARGET = 14.3;
				LD_RUNPATH_SEARCH_PATHS = (
					"$(inherited)",
					"@executable_path/Frameworks",
					"@loader_path/Frameworks",
				);
				PRODUCT_BUNDLE_IDENTIFIER = UHWO.HackwichFourTests;
				PRODUCT_NAME = "$(TARGET_NAME)";
				SWIFT_VERSION = 5.0;
				TARGETED_DEVICE_FAMILY = "1,2";
				TEST_HOST = "$(BUILT_PRODUCTS_DIR)/HackwichFour.app/HackwichFour";
			};
			name = Debug;
		};
		8942072925D31B2E006C308D /* Release */ = {
			isa = XCBuildConfiguration;
			buildSettings = {
				ALWAYS_EMBED_SWIFT_STANDARD_LIBRARIES = YES;
				BUNDLE_LOADER = "$(TEST_HOST)";
				CODE_SIGN_STYLE = Automatic;
				DEVELOPMENT_TEAM = 935YLP662N;
				INFOPLIST_FILE = HackwichFourTests/Info.plist;
				IPHONEOS_DEPLOYMENT_TARGET = 14.3;
				LD_RUNPATH_SEARCH_PATHS = (
					"$(inherited)",
					"@executable_path/Frameworks",
					"@loader_path/Frameworks",
				);
				PRODUCT_BUNDLE_IDENTIFIER = UHWO.HackwichFourTests;
				PRODUCT_NAME = "$(TARGET_NAME)";
				SWIFT_VERSION = 5.0;
				TARGETED_DEVICE_FAMILY = "1,2";
				TEST_HOST = "$(BUILT_PRODUCTS_DIR)/HackwichFour.app/HackwichFour";
			};
			name = Release;
		};
		8942072B25D31B2E006C308D /* Debug */ = {
			isa = XCBuildConfiguration;
			buildSettings = {
				ALWAYS_EMBED_SWIFT_STANDARD_LIBRARIES = YES;
				CODE_SIGN_STYLE = Automatic;
				DEVELOPMENT_TEAM = 935YLP662N;
				INFOPLIST_FILE = HackwichFourUITests/Info.plist;
				LD_RUNPATH_SEARCH_PATHS = (
					"$(inherited)",
					"@executable_path/Frameworks",
					"@loader_path/Frameworks",
				);
				PRODUCT_BUNDLE_IDENTIFIER = UHWO.HackwichFourUITests;
				PRODUCT_NAME = "$(TARGET_NAME)";
				SWIFT_VERSION = 5.0;
				TARGETED_DEVICE_FAMILY = "1,2";
				TEST_TARGET_NAME = HackwichFour;
			};
			name = Debug;
		};
		8942072C25D31B2E006C308D /* Release */ = {
			isa = XCBuildConfiguration;
			buildSettings = {
				ALWAYS_EMBED_SWIFT_STANDARD_LIBRARIES = YES;
				CODE_SIGN_STYLE = Automatic;
				DEVELOPMENT_TEAM = 935YLP662N;
				INFOPLIST_FILE = HackwichFourUITests/Info.plist;
				LD_RUNPATH_SEARCH_PATHS = (
					"$(inherited)",
					"@executable_path/Frameworks",
					"@loader_path/Frameworks",
				);
				PRODUCT_BUNDLE_IDENTIFIER = UHWO.HackwichFourUITests;
				PRODUCT_NAME = "$(TARGET_NAME)";
				SWIFT_VERSION = 5.0;
				TARGETED_DEVICE_FAMILY = "1,2";
				TEST_TARGET_NAME = HackwichFour;
			};
			name = Release;
		};
/* End XCBuildConfiguration section */

/* Begin XCConfigurationList section */
		894206F225D31B2A006C308D /* Build configuration list for PBXProject "HackwichFour" */ = {
			isa = XCConfigurationList;
			buildConfigurations = (
				8942072225D31B2E006C308D /* Debug */,
				8942072325D31B2E006C308D /* Release */,
			);
			defaultConfigurationIsVisible = 0;
			defaultConfigurationName = Release;
		};
		8942072425D31B2E006C308D /* Build configuration list for PBXNativeTarget "HackwichFour" */ = {
			isa = XCConfigurationList;
			buildConfigurations = (
				8942072525D31B2E006C308D /* Debug */,
				8942072625D31B2E006C308D /* Release */,
			);
			defaultConfigurationIsVisible = 0;
			defaultConfigurationName = Release;
		};
		8942072725D31B2E006C308D /* Build configuration list for PBXNativeTarget "HackwichFourTests" */ = {
			isa = XCConfigurationList;
			buildConfigurations = (
				8942072825D31B2E006C308D /* Debug */,
				8942072925D31B2E006C308D /* Release */,
			);
			defaultConfigurationIsVisible = 0;
			defaultConfigurationName = Release;
		};
		8942072A25D31B2E006C308D /* Build configuration list for PBXNativeTarget "HackwichFourUITests" */ = {
			isa = XCConfigurationList;
			buildConfigurations = (
				8942072B25D31B2E006C308D /* Debug */,
				8942072C25D31B2E006C308D /* Release */,
			);
			defaultConfigurationIsVisible = 0;
			defaultConfigurationName = Release;
		};
/* End XCConfigurationList section */

/* Begin XCVersionGroup section */
		8942070325D31B2A006C308D /* HackwichFour.xcdatamodeld */ = {
			isa = XCVersionGroup;
			children = (
				8942070425D31B2A006C308D /* HackwichFour.xcdatamodel */,
			);
			currentVersion = 8942070425D31B2A006C308D /* HackwichFour.xcdatamodel */;
			path = HackwichFour.xcdatamodeld;
			sourceTree = "<group>";
			versionGroupType = wrapper.xcdatamodel;
		};
/* End XCVersionGroup section */
	};
	rootObject = 894206EF25D31B2A006C308D /* Project object */;
}
